
Microsoft Visual Studio Solution File, Format Version 11.00
# Visual Studio 2010
Project("{FAE04EC0-301F-11D3-BF4B-00C04F79EFBC}") = "Unity.Timeline", "Unity.Timeline.csproj", "{94aab4ee-a395-231a-2cca-fcad4ca7e9b4}"
EndProject
Project("{FAE04EC0-301F-11D3-BF4B-00C04F79EFBC}") = "Unity.Timeline.Editor", "Unity.Timeline.Editor.csproj", "{34b454c2-85e8-30cd-30df-3d1482469c42}"
EndProject
Project("{FAE04EC0-301F-11D3-BF4B-00C04F79EFBC}") = "Unity.TextMeshPro.Editor", "Unity.TextMeshPro.Editor.csproj", "{91b293ac-fea0-93d0-fd14-494de2c9bd3b}"
EndProject
Project("{FAE04EC0-301F-11D3-BF4B-00C04F79EFBC}") = "Unity.VisualScripting.Flow", "Unity.VisualScripting.Flow.csproj", "{f71ff9e4-a4ed-4aea-41b0-45455b4b1e70}"
EndProject
Project("{FAE04EC0-301F-11D3-BF4B-00C04F79EFBC}") = "UnityEditor.UI", "UnityEditor.UI.csproj", "{97eaa9b0-d134-6ba4-2a72-413809566546}"
EndProject
Project("{FAE04EC0-301F-11D3-BF4B-00C04F79EFBC}") = "Unity.PlasticSCM.Editor", "Unity.PlasticSCM.Editor.csproj", "{5223b9ca-d924-5ab1-46b3-cabfc62f7cb3}"
EndProject
Project("{FAE04EC0-301F-11D3-BF4B-00C04F79EFBC}") = "Unity.InputSystem", "Unity.InputSystem.csproj", "{09d8faaa-f569-7cfd-2d00-6e5401130f59}"
EndProject
Project("{FAE04EC0-301F-11D3-BF4B-00C04F79EFBC}") = "Unity.VisualScripting.Core", "Unity.VisualScripting.Core.csproj", "{1e090dea-add8-76a1-7642-4f5551196abe}"
EndProject
Project("{FAE04EC0-301F-11D3-BF4B-00C04F79EFBC}") = "Unity.Splines.Editor", "Unity.Splines.Editor.csproj", "{eb815dc8-c8bc-30bc-db06-030c30ee5934}"
EndProject
Project("{FAE04EC0-301F-11D3-BF4B-00C04F79EFBC}") = "Unity.Mathematics", "Unity.Mathematics.csproj", "{1b94d85d-e664-9447-f554-aeec536e6fb0}"
EndProject
Project("{FAE04EC0-301F-11D3-BF4B-00C04F79EFBC}") = "Cinemachine", "Cinemachine.csproj", "{56792967-8370-97f7-aa32-b04a05e9c3b6}"
EndProject
Project("{FAE04EC0-301F-11D3-BF4B-00C04F79EFBC}") = "Unity.VisualScripting.Core.Editor", "Unity.VisualScripting.Core.Editor.csproj", "{a7a87e5f-3e82-9427-6fe8-e93fc68a5c34}"
EndProject
Project("{FAE04EC0-301F-11D3-BF4B-00C04F79EFBC}") = "Unity.VisualScripting.Flow.Editor", "Unity.VisualScripting.Flow.Editor.csproj", "{84df779b-9e8b-8bb5-fe6f-264ca3de791c}"
EndProject
Project("{FAE04EC0-301F-11D3-BF4B-00C04F79EFBC}") = "UnityEditor.TestRunner", "UnityEditor.TestRunner.csproj", "{0a57add3-9d01-16ec-7b6c-9f33741a870a}"
EndProject
Project("{FAE04EC0-301F-11D3-BF4B-00C04F79EFBC}") = "Assembly-CSharp", "Assembly-CSharp.csproj", "{adcaf9df-7b57-75f6-8f21-5aaee6eda931}"
EndProject
Project("{FAE04EC0-301F-11D3-BF4B-00C04F79EFBC}") = "Unity.VisualScripting.SettingsProvider.Editor", "Unity.VisualScripting.SettingsProvider.Editor.csproj", "{cc7687ca-6ccc-d461-5d0c-3adde074e437}"
EndProject
Project("{FAE04EC0-301F-11D3-BF4B-00C04F79EFBC}") = "UnityEngine.TestRunner", "UnityEngine.TestRunner.csproj", "{fbc4c6c5-011f-1fe1-e524-cd9a19ace115}"
EndProject
Project("{FAE04EC0-301F-11D3-BF4B-00C04F79EFBC}") = "UnityEngine.UI", "UnityEngine.UI.csproj", "{e48ac36d-ad53-f5e6-0ead-eae68bba3334}"
EndProject
Project("{FAE04EC0-301F-11D3-BF4B-00C04F79EFBC}") = "Unity.AI.Navigation.Editor", "Unity.AI.Navigation.Editor.csproj", "{c367dc06-a371-70a5-1e33-71bb049290e1}"
EndProject
Project("{FAE04EC0-301F-11D3-BF4B-00C04F79EFBC}") = "Unity.VisualStudio.Editor", "Unity.VisualStudio.Editor.csproj", "{dd0cea6d-c650-69ac-2258-8337f39e0081}"
EndProject
Project("{FAE04EC0-301F-11D3-BF4B-00C04F79EFBC}") = "com.unity.cinemachine.editor", "com.unity.cinemachine.editor.csproj", "{03815280-a000-eada-9953-6206b56930b7}"
EndProject
Project("{FAE04EC0-301F-11D3-BF4B-00C04F79EFBC}") = "Unity.TestTools.CodeCoverage.Editor.OpenCover.Model", "Unity.TestTools.CodeCoverage.Editor.OpenCover.Model.csproj", "{e6ab8fb9-5bdd-1223-ad0f-dc94d0b53b13}"
EndProject
Project("{FAE04EC0-301F-11D3-BF4B-00C04F79EFBC}") = "Unity.Rider.Editor", "Unity.Rider.Editor.csproj", "{295c786a-1173-92be-ba01-8631b0e374ef}"
EndProject
Project("{FAE04EC0-301F-11D3-BF4B-00C04F79EFBC}") = "Unity.AI.Navigation", "Unity.AI.Navigation.csproj", "{f0271b10-142c-15a0-dce9-b24650d8b242}"
EndProject
Project("{FAE04EC0-301F-11D3-BF4B-00C04F79EFBC}") = "Unity.AI.Navigation.Editor.ConversionSystem", "Unity.AI.Navigation.Editor.ConversionSystem.csproj", "{8340ec49-f0ef-6d85-f306-8a1c1c9d331c}"
EndProject
Project("{FAE04EC0-301F-11D3-BF4B-00C04F79EFBC}") = "Unity.VisualScripting.State.Editor", "Unity.VisualScripting.State.Editor.csproj", "{32ff7c1d-321e-74d1-5563-cb2a87c23632}"
EndProject
Project("{FAE04EC0-301F-11D3-BF4B-00C04F79EFBC}") = "Unity.TestTools.CodeCoverage.Editor", "Unity.TestTools.CodeCoverage.Editor.csproj", "{4540a50b-2bd1-67ac-5228-a25460407735}"
EndProject
Project("{FAE04EC0-301F-11D3-BF4B-00C04F79EFBC}") = "Unity.VisualScripting.State", "Unity.VisualScripting.State.csproj", "{3f1e329f-332f-3fb9-d0a0-231bd7190a7e}"
EndProject
Project("{FAE04EC0-301F-11D3-BF4B-00C04F79EFBC}") = "Unity.TextMeshPro", "Unity.TextMeshPro.csproj", "{6dc39ff6-b064-ef8f-92a6-9e0732c38063}"
EndProject
Project("{FAE04EC0-301F-11D3-BF4B-00C04F79EFBC}") = "Unity.Splines", "Unity.Splines.csproj", "{3c1ce115-9c31-f1f0-828c-cd5034c1903c}"
EndProject
Project("{FAE04EC0-301F-11D3-BF4B-00C04F79EFBC}") = "Unity.Performance.Profile-Analyzer.Editor", "Unity.Performance.Profile-Analyzer.Editor.csproj", "{e03fcc9f-9da9-014a-e89b-aecfb5beafc6}"
EndProject
Project("{FAE04EC0-301F-11D3-BF4B-00C04F79EFBC}") = "Unity.VSCode.Editor", "Unity.VSCode.Editor.csproj", "{67554d36-3da4-47e0-68f4-8445cc6f4866}"
EndProject
Project("{FAE04EC0-301F-11D3-BF4B-00C04F79EFBC}") = "Unity.TestTools.CodeCoverage.Editor.OpenCover.Mono.Reflection", "Unity.TestTools.CodeCoverage.Editor.OpenCover.Mono.Reflection.csproj", "{9e235e20-36c1-46a7-82bc-8f9fe9656834}"
EndProject
Project("{FAE04EC0-301F-11D3-BF4B-00C04F79EFBC}") = "Unity.AI.Navigation.Updater", "Unity.AI.Navigation.Updater.csproj", "{c1576350-16ba-0a07-0c2f-5d5e64106a03}"
EndProject
Project("{FAE04EC0-301F-11D3-BF4B-00C04F79EFBC}") = "Unity.Settings.Editor", "Unity.Settings.Editor.csproj", "{40a5e6f9-2581-33c7-46ca-3a0fc7c13bed}"
EndProject
Project("{FAE04EC0-301F-11D3-BF4B-00C04F79EFBC}") = "Unity.InputSystem.ForUI", "Unity.InputSystem.ForUI.csproj", "{d57e6fbb-ac16-5fdf-639a-55014e8eba8c}"
EndProject
Project("{FAE04EC0-301F-11D3-BF4B-00C04F79EFBC}") = "Unity.EditorCoroutines.Editor", "Unity.EditorCoroutines.Editor.csproj", "{7bcc099c-903d-4fbf-8475-f3b709a73777}"
EndProject
Project("{FAE04EC0-301F-11D3-BF4B-00C04F79EFBC}") = "Unity.Mathematics.Editor", "Unity.Mathematics.Editor.csproj", "{1a50b8dc-3844-5052-e268-3d6e0f8b7cbe}"
EndProject
Project("{FAE04EC0-301F-11D3-BF4B-00C04F79EFBC}") = "Unity.InputSystem.TestFramework", "Unity.InputSystem.TestFramework.csproj", "{214a4f77-0e00-0d86-3436-1c764c522751}"
EndProject
Project("{FAE04EC0-301F-11D3-BF4B-00C04F79EFBC}") = "Unity.VisualScripting.Shared.Editor", "Unity.VisualScripting.Shared.Editor.csproj", "{8968c21d-e668-111d-4ff6-21bd75ebb8ce}"
EndProject
Project("{FAE04EC0-301F-11D3-BF4B-00C04F79EFBC}") = "Unity.CollabProxy.Editor", "Unity.CollabProxy.Editor.csproj", "{cdaecb17-4693-832d-9ad8-335be905ff52}"
EndProject
Project("{FAE04EC0-301F-11D3-BF4B-00C04F79EFBC}") = "Unity.Timeline", "Unity.Timeline.Player.csproj", "{3f6ae2d2-202c-1d12-9a9c-0b3ddd524aa8}"
EndProject
Project("{FAE04EC0-301F-11D3-BF4B-00C04F79EFBC}") = "Unity.VisualScripting.Flow", "Unity.VisualScripting.Flow.Player.csproj", "{5b72bf19-5bae-3d8b-444c-12ead76a2714}"
EndProject
Project("{FAE04EC0-301F-11D3-BF4B-00C04F79EFBC}") = "Unity.InputSystem", "Unity.InputSystem.Player.csproj", "{dd62b766-c80a-f267-5792-9c0e4529b4b6}"
EndProject
Project("{FAE04EC0-301F-11D3-BF4B-00C04F79EFBC}") = "Unity.VisualScripting.Core", "Unity.VisualScripting.Core.Player.csproj", "{042b3195-16e1-ef0f-3a8d-3664b4ca383c}"
EndProject
Project("{FAE04EC0-301F-11D3-BF4B-00C04F79EFBC}") = "Unity.Mathematics", "Unity.Mathematics.Player.csproj", "{96b91270-875e-d92b-8647-2de21fd0b240}"
EndProject
Project("{FAE04EC0-301F-11D3-BF4B-00C04F79EFBC}") = "Cinemachine", "Cinemachine.Player.csproj", "{b53eb0f5-f997-fdb8-2a54-d01e017cde2a}"
EndProject
Project("{FAE04EC0-301F-11D3-BF4B-00C04F79EFBC}") = "Assembly-CSharp", "Assembly-CSharp.Player.csproj", "{2a7132da-ce9f-d4bd-4263-2794e521b749}"
EndProject
Project("{FAE04EC0-301F-11D3-BF4B-00C04F79EFBC}") = "UnityEngine.TestRunner", "UnityEngine.TestRunner.Player.csproj", "{40d1d365-1ee8-5249-1fea-4c6017ba1469}"
EndProject
Project("{FAE04EC0-301F-11D3-BF4B-00C04F79EFBC}") = "UnityEngine.UI", "UnityEngine.UI.Player.csproj", "{6ba597af-f740-15e2-4db9-48f3e6912086}"
EndProject
Project("{FAE04EC0-301F-11D3-BF4B-00C04F79EFBC}") = "Unity.AI.Navigation", "Unity.AI.Navigation.Player.csproj", "{0e0713c9-8205-0566-4a53-4de5e9be20ee}"
EndProject
Project("{FAE04EC0-301F-11D3-BF4B-00C04F79EFBC}") = "Unity.VisualScripting.State", "Unity.VisualScripting.State.Player.csproj", "{fcc1a1d6-6467-a110-3dad-8c0af55a68e9}"
EndProject
Project("{FAE04EC0-301F-11D3-BF4B-00C04F79EFBC}") = "Unity.TextMeshPro", "Unity.TextMeshPro.Player.csproj", "{0f8346e5-ec97-d9f0-2f8b-a7ccf46456c0}"
EndProject
Project("{FAE04EC0-301F-11D3-BF4B-00C04F79EFBC}") = "Unity.Splines", "Unity.Splines.Player.csproj", "{56816cee-45c7-b0e9-35d8-2655f1ec9bf3}"
EndProject
Project("{FAE04EC0-301F-11D3-BF4B-00C04F79EFBC}") = "Unity.InputSystem.ForUI", "Unity.InputSystem.ForUI.Player.csproj", "{e0b26979-4753-3cfc-e5e1-abce624da00a}"
EndProject
Project("{FAE04EC0-301F-11D3-BF4B-00C04F79EFBC}") = "Unity.InputSystem.TestFramework", "Unity.InputSystem.TestFramework.Player.csproj", "{db2a010b-dd34-1abc-cc29-5149fd30d292}"
EndProject
Project("{FAE04EC0-301F-11D3-BF4B-00C04F79EFBC}") = "Assembly-CSharp-Editor", "Assembly-CSharp-Editor.csproj", "{cd802591-3272-a9f1-90f2-ac78819457d0}"
EndProject
Project("{FAE04EC0-301F-11D3-BF4B-00C04F79EFBC}") = "UnityEngine.UI.Tests", "UnityEngine.UI.Tests.csproj", "{b7e76a56-4f83-67b5-c529-f1a35dbc60db}"
EndProject
Project("{FAE04EC0-301F-11D3-BF4B-00C04F79EFBC}") = "UnityEditor.UI.EditorTests", "UnityEditor.UI.EditorTests.csproj", "{d93a9b25-2e7c-a0c7-6dc8-417ad7f7b4f7}"
EndProject
Project("{FAE04EC0-301F-11D3-BF4B-00C04F79EFBC}") = "Unity.Mathematics.Tests", "Unity.Mathematics.Tests.csproj", "{8ed2b3a3-4015-a276-cdc7-bd79cdec45c0}"
EndProject
Project("{FAE04EC0-301F-11D3-BF4B-00C04F79EFBC}") = "Unity.TextMeshPro.Tests", "Unity.TextMeshPro.Tests.csproj", "{2c806676-84f0-f6ca-e59a-d6dca28d4c7a}"
EndProject
Project("{FAE04EC0-301F-11D3-BF4B-00C04F79EFBC}") = "DocCodeExamples", "DocCodeExamples.csproj", "{be5a308c-b4bb-e666-f4bc-a5f15aa167e4}"
EndProject
Project("{FAE04EC0-301F-11D3-BF4B-00C04F79EFBC}") = "Unity.AI.Navigation.Tests", "Unity.AI.Navigation.Tests.csproj", "{5a41b94d-1b46-9a24-b713-de554afcb425}"
EndProject
Project("{FAE04EC0-301F-11D3-BF4B-00C04F79EFBC}") = "Unity.TestTools.CodeCoverage.Editor.Compatibility", "Unity.TestTools.CodeCoverage.Editor.Compatibility.csproj", "{bd8d8c89-fa6e-745f-822e-a33cccb0718b}"
EndProject
Project("{FAE04EC0-301F-11D3-BF4B-00C04F79EFBC}") = "Unity.TextMeshPro.Editor.Tests", "Unity.TextMeshPro.Editor.Tests.csproj", "{1db0c600-eac7-a7b9-5c8c-ffc3d08364f9}"
EndProject
Project("{FAE04EC0-301F-11D3-BF4B-00C04F79EFBC}") = "Unity.InputSystem.IntegrationTests", "Unity.InputSystem.IntegrationTests.csproj", "{86ecf32f-fd6b-c893-057c-6c01de6bf66e}"
EndProject
Project("{FAE04EC0-301F-11D3-BF4B-00C04F79EFBC}") = "Unity.Settings.Tests", "Unity.Settings.Tests.csproj", "{ed65ff76-1695-0fee-603f-810f77b53f85}"
EndProject
Project("{FAE04EC0-301F-11D3-BF4B-00C04F79EFBC}") = "Cinemachine.Editor.Tests", "Cinemachine.Editor.Tests.csproj", "{430549ac-e6e5-19de-5bf9-8cb4335bc262}"
EndProject
Project("{FAE04EC0-301F-11D3-BF4B-00C04F79EFBC}") = "Unity.AI.Navigation.Editor.Tests", "Unity.AI.Navigation.Editor.Tests.csproj", "{adc9baf3-04bf-13ff-39d7-a3de6d153db0}"
EndProject
Project("{FAE04EC0-301F-11D3-BF4B-00C04F79EFBC}") = "Unity.Performance.Profile-Analyzer.EditorTests", "Unity.Performance.Profile-Analyzer.EditorTests.csproj", "{2cff049f-dc7c-6a74-a3e7-0f78fe7be1f8}"
EndProject
Project("{FAE04EC0-301F-11D3-BF4B-00C04F79EFBC}") = "Cinemachine.Runtime.Tests", "Cinemachine.Runtime.Tests.csproj", "{33dbe941-c210-4588-b445-75c6586ba973}"
EndProject
Global
	GlobalSection(SolutionConfigurationPlatforms) = preSolution
		Debug|Any CPU = Debug|Any CPU
	EndGlobalSection
	GlobalSection(ProjectConfigurationPlatforms) = postSolution
		{94aab4ee-a395-231a-2cca-fcad4ca7e9b4}.Debug|Any CPU.ActiveCfg = Debug|Any CPU
		{94aab4ee-a395-231a-2cca-fcad4ca7e9b4}.Debug|Any CPU.Build.0 = Debug|Any CPU
		{34b454c2-85e8-30cd-30df-3d1482469c42}.Debug|Any CPU.ActiveCfg = Debug|Any CPU
		{34b454c2-85e8-30cd-30df-3d1482469c42}.Debug|Any CPU.Build.0 = Debug|Any CPU
		{91b293ac-fea0-93d0-fd14-494de2c9bd3b}.Debug|Any CPU.ActiveCfg = Debug|Any CPU
		{91b293ac-fea0-93d0-fd14-494de2c9bd3b}.Debug|Any CPU.Build.0 = Debug|Any CPU
		{f71ff9e4-a4ed-4aea-41b0-45455b4b1e70}.Debug|Any CPU.ActiveCfg = Debug|Any CPU
		{f71ff9e4-a4ed-4aea-41b0-45455b4b1e70}.Debug|Any CPU.Build.0 = Debug|Any CPU
		{97eaa9b0-d134-6ba4-2a72-413809566546}.Debug|Any CPU.ActiveCfg = Debug|Any CPU
		{97eaa9b0-d134-6ba4-2a72-413809566546}.Debug|Any CPU.Build.0 = Debug|Any CPU
		{5223b9ca-d924-5ab1-46b3-cabfc62f7cb3}.Debug|Any CPU.ActiveCfg = Debug|Any CPU
		{5223b9ca-d924-5ab1-46b3-cabfc62f7cb3}.Debug|Any CPU.Build.0 = Debug|Any CPU
		{09d8faaa-f569-7cfd-2d00-6e5401130f59}.Debug|Any CPU.ActiveCfg = Debug|Any CPU
		{09d8faaa-f569-7cfd-2d00-6e5401130f59}.Debug|Any CPU.Build.0 = Debug|Any CPU
		{1e090dea-add8-76a1-7642-4f5551196abe}.Debug|Any CPU.ActiveCfg = Debug|Any CPU
		{1e090dea-add8-76a1-7642-4f5551196abe}.Debug|Any CPU.Build.0 = Debug|Any CPU
		{eb815dc8-c8bc-30bc-db06-030c30ee5934}.Debug|Any CPU.ActiveCfg = Debug|Any CPU
		{eb815dc8-c8bc-30bc-db06-030c30ee5934}.Debug|Any CPU.Build.0 = Debug|Any CPU
		{1b94d85d-e664-9447-f554-aeec536e6fb0}.Debug|Any CPU.ActiveCfg = Debug|Any CPU
		{1b94d85d-e664-9447-f554-aeec536e6fb0}.Debug|Any CPU.Build.0 = Debug|Any CPU
		{56792967-8370-97f7-aa32-b04a05e9c3b6}.Debug|Any CPU.ActiveCfg = Debug|Any CPU
		{56792967-8370-97f7-aa32-b04a05e9c3b6}.Debug|Any CPU.Build.0 = Debug|Any CPU
		{a7a87e5f-3e82-9427-6fe8-e93fc68a5c34}.Debug|Any CPU.ActiveCfg = Debug|Any CPU
		{a7a87e5f-3e82-9427-6fe8-e93fc68a5c34}.Debug|Any CPU.Build.0 = Debug|Any CPU
		{84df779b-9e8b-8bb5-fe6f-264ca3de791c}.Debug|Any CPU.ActiveCfg = Debug|Any CPU
		{84df779b-9e8b-8bb5-fe6f-264ca3de791c}.Debug|Any CPU.Build.0 = Debug|Any CPU
		{0a57add3-9d01-16ec-7b6c-9f33741a870a}.Debug|Any CPU.ActiveCfg = Debug|Any CPU
		{0a57add3-9d01-16ec-7b6c-9f33741a870a}.Debug|Any CPU.Build.0 = Debug|Any CPU
		{adcaf9df-7b57-75f6-8f21-5aaee6eda931}.Debug|Any CPU.ActiveCfg = Debug|Any CPU
		{adcaf9df-7b57-75f6-8f21-5aaee6eda931}.Debug|Any CPU.Build.0 = Debug|Any CPU
		{cc7687ca-6ccc-d461-5d0c-3adde074e437}.Debug|Any CPU.ActiveCfg = Debug|Any CPU
		{cc7687ca-6ccc-d461-5d0c-3adde074e437}.Debug|Any CPU.Build.0 = Debug|Any CPU
		{fbc4c6c5-011f-1fe1-e524-cd9a19ace115}.Debug|Any CPU.ActiveCfg = Debug|Any CPU
		{fbc4c6c5-011f-1fe1-e524-cd9a19ace115}.Debug|Any CPU.Build.0 = Debug|Any CPU
		{e48ac36d-ad53-f5e6-0ead-eae68bba3334}.Debug|Any CPU.ActiveCfg = Debug|Any CPU
		{e48ac36d-ad53-f5e6-0ead-eae68bba3334}.Debug|Any CPU.Build.0 = Debug|Any CPU
		{c367dc06-a371-70a5-1e33-71bb049290e1}.Debug|Any CPU.ActiveCfg = Debug|Any CPU
		{c367dc06-a371-70a5-1e33-71bb049290e1}.Debug|Any CPU.Build.0 = Debug|Any CPU
		{dd0cea6d-c650-69ac-2258-8337f39e0081}.Debug|Any CPU.ActiveCfg = Debug|Any CPU
		{dd0cea6d-c650-69ac-2258-8337f39e0081}.Debug|Any CPU.Build.0 = Debug|Any CPU
		{03815280-a000-eada-9953-6206b56930b7}.Debug|Any CPU.ActiveCfg = Debug|Any CPU
		{03815280-a000-eada-9953-6206b56930b7}.Debug|Any CPU.Build.0 = Debug|Any CPU
		{e6ab8fb9-5bdd-1223-ad0f-dc94d0b53b13}.Debug|Any CPU.ActiveCfg = Debug|Any CPU
		{e6ab8fb9-5bdd-1223-ad0f-dc94d0b53b13}.Debug|Any CPU.Build.0 = Debug|Any CPU
		{295c786a-1173-92be-ba01-8631b0e374ef}.Debug|Any CPU.ActiveCfg = Debug|Any CPU
		{295c786a-1173-92be-ba01-8631b0e374ef}.Debug|Any CPU.Build.0 = Debug|Any CPU
		{f0271b10-142c-15a0-dce9-b24650d8b242}.Debug|Any CPU.ActiveCfg = Debug|Any CPU
		{f0271b10-142c-15a0-dce9-b24650d8b242}.Debug|Any CPU.Build.0 = Debug|Any CPU
		{8340ec49-f0ef-6d85-f306-8a1c1c9d331c}.Debug|Any CPU.ActiveCfg = Debug|Any CPU
		{8340ec49-f0ef-6d85-f306-8a1c1c9d331c}.Debug|Any CPU.Build.0 = Debug|Any CPU
		{32ff7c1d-321e-74d1-5563-cb2a87c23632}.Debug|Any CPU.ActiveCfg = Debug|Any CPU
		{32ff7c1d-321e-74d1-5563-cb2a87c23632}.Debug|Any CPU.Build.0 = Debug|Any CPU
		{4540a50b-2bd1-67ac-5228-a25460407735}.Debug|Any CPU.ActiveCfg = Debug|Any CPU
		{4540a50b-2bd1-67ac-5228-a25460407735}.Debug|Any CPU.Build.0 = Debug|Any CPU
		{3f1e329f-332f-3fb9-d0a0-231bd7190a7e}.Debug|Any CPU.ActiveCfg = Debug|Any CPU
		{3f1e329f-332f-3fb9-d0a0-231bd7190a7e}.Debug|Any CPU.Build.0 = Debug|Any CPU
		{6dc39ff6-b064-ef8f-92a6-9e0732c38063}.Debug|Any CPU.ActiveCfg = Debug|Any CPU
		{6dc39ff6-b064-ef8f-92a6-9e0732c38063}.Debug|Any CPU.Build.0 = Debug|Any CPU
		{3c1ce115-9c31-f1f0-828c-cd5034c1903c}.Debug|Any CPU.ActiveCfg = Debug|Any CPU
		{3c1ce115-9c31-f1f0-828c-cd5034c1903c}.Debug|Any CPU.Build.0 = Debug|Any CPU
		{e03fcc9f-9da9-014a-e89b-aecfb5beafc6}.Debug|Any CPU.ActiveCfg = Debug|Any CPU
		{e03fcc9f-9da9-014a-e89b-aecfb5beafc6}.Debug|Any CPU.Build.0 = Debug|Any CPU
		{67554d36-3da4-47e0-68f4-8445cc6f4866}.Debug|Any CPU.ActiveCfg = Debug|Any CPU
		{67554d36-3da4-47e0-68f4-8445cc6f4866}.Debug|Any CPU.Build.0 = Debug|Any CPU
		{9e235e20-36c1-46a7-82bc-8f9fe9656834}.Debug|Any CPU.ActiveCfg = Debug|Any CPU
		{9e235e20-36c1-46a7-82bc-8f9fe9656834}.Debug|Any CPU.Build.0 = Debug|Any CPU
		{c1576350-16ba-0a07-0c2f-5d5e64106a03}.Debug|Any CPU.ActiveCfg = Debug|Any CPU
		{c1576350-16ba-0a07-0c2f-5d5e64106a03}.Debug|Any CPU.Build.0 = Debug|Any CPU
		{40a5e6f9-2581-33c7-46ca-3a0fc7c13bed}.Debug|Any CPU.ActiveCfg = Debug|Any CPU
		{40a5e6f9-2581-33c7-46ca-3a0fc7c13bed}.Debug|Any CPU.Build.0 = Debug|Any CPU
		{d57e6fbb-ac16-5fdf-639a-55014e8eba8c}.Debug|Any CPU.ActiveCfg = Debug|Any CPU
		{d57e6fbb-ac16-5fdf-639a-55014e8eba8c}.Debug|Any CPU.Build.0 = Debug|Any CPU
		{7bcc099c-903d-4fbf-8475-f3b709a73777}.Debug|Any CPU.ActiveCfg = Debug|Any CPU
		{7bcc099c-903d-4fbf-8475-f3b709a73777}.Debug|Any CPU.Build.0 = Debug|Any CPU
		{1a50b8dc-3844-5052-e268-3d6e0f8b7cbe}.Debug|Any CPU.ActiveCfg = Debug|Any CPU
		{1a50b8dc-3844-5052-e268-3d6e0f8b7cbe}.Debug|Any CPU.Build.0 = Debug|Any CPU
		{214a4f77-0e00-0d86-3436-1c764c522751}.Debug|Any CPU.ActiveCfg = Debug|Any CPU
		{214a4f77-0e00-0d86-3436-1c764c522751}.Debug|Any CPU.Build.0 = Debug|Any CPU
		{8968c21d-e668-111d-4ff6-21bd75ebb8ce}.Debug|Any CPU.ActiveCfg = Debug|Any CPU
		{8968c21d-e668-111d-4ff6-21bd75ebb8ce}.Debug|Any CPU.Build.0 = Debug|Any CPU
		{cdaecb17-4693-832d-9ad8-335be905ff52}.Debug|Any CPU.ActiveCfg = Debug|Any CPU
		{cdaecb17-4693-832d-9ad8-335be905ff52}.Debug|Any CPU.Build.0 = Debug|Any CPU
		{3f6ae2d2-202c-1d12-9a9c-0b3ddd524aa8}.Debug|Any CPU.ActiveCfg = Debug|Any CPU
		{3f6ae2d2-202c-1d12-9a9c-0b3ddd524aa8}.Debug|Any CPU.Build.0 = Debug|Any CPU
		{5b72bf19-5bae-3d8b-444c-12ead76a2714}.Debug|Any CPU.ActiveCfg = Debug|Any CPU
		{5b72bf19-5bae-3d8b-444c-12ead76a2714}.Debug|Any CPU.Build.0 = Debug|Any CPU
		{dd62b766-c80a-f267-5792-9c0e4529b4b6}.Debug|Any CPU.ActiveCfg = Debug|Any CPU
		{dd62b766-c80a-f267-5792-9c0e4529b4b6}.Debug|Any CPU.Build.0 = Debug|Any CPU
		{042b3195-16e1-ef0f-3a8d-3664b4ca383c}.Debug|Any CPU.ActiveCfg = Debug|Any CPU
		{042b3195-16e1-ef0f-3a8d-3664b4ca383c}.Debug|Any CPU.Build.0 = Debug|Any CPU
		{96b91270-875e-d92b-8647-2de21fd0b240}.Debug|Any CPU.ActiveCfg = Debug|Any CPU
		{96b91270-875e-d92b-8647-2de21fd0b240}.Debug|Any CPU.Build.0 = Debug|Any CPU
		{b53eb0f5-f997-fdb8-2a54-d01e017cde2a}.Debug|Any CPU.ActiveCfg = Debug|Any CPU
		{b53eb0f5-f997-fdb8-2a54-d01e017cde2a}.Debug|Any CPU.Build.0 = Debug|Any CPU
		{2a7132da-ce9f-d4bd-4263-2794e521b749}.Debug|Any CPU.ActiveCfg = Debug|Any CPU
		{2a7132da-ce9f-d4bd-4263-2794e521b749}.Debug|Any CPU.Build.0 = Debug|Any CPU
		{40d1d365-1ee8-5249-1fea-4c6017ba1469}.Debug|Any CPU.ActiveCfg = Debug|Any CPU
		{40d1d365-1ee8-5249-1fea-4c6017ba1469}.Debug|Any CPU.Build.0 = Debug|Any CPU
		{6ba597af-f740-15e2-4db9-48f3e6912086}.Debug|Any CPU.ActiveCfg = Debug|Any CPU
		{6ba597af-f740-15e2-4db9-48f3e6912086}.Debug|Any CPU.Build.0 = Debug|Any CPU
		{0e0713c9-8205-0566-4a53-4de5e9be20ee}.Debug|Any CPU.ActiveCfg = Debug|Any CPU
		{0e0713c9-8205-0566-4a53-4de5e9be20ee}.Debug|Any CPU.Build.0 = Debug|Any CPU
		{fcc1a1d6-6467-a110-3dad-8c0af55a68e9}.Debug|Any CPU.ActiveCfg = Debug|Any CPU
		{fcc1a1d6-6467-a110-3dad-8c0af55a68e9}.Debug|Any CPU.Build.0 = Debug|Any CPU
		{0f8346e5-ec97-d9f0-2f8b-a7ccf46456c0}.Debug|Any CPU.ActiveCfg = Debug|Any CPU
		{0f8346e5-ec97-d9f0-2f8b-a7ccf46456c0}.Debug|Any CPU.Build.0 = Debug|Any CPU
		{56816cee-45c7-b0e9-35d8-2655f1ec9bf3}.Debug|Any CPU.ActiveCfg = Debug|Any CPU
		{56816cee-45c7-b0e9-35d8-2655f1ec9bf3}.Debug|Any CPU.Build.0 = Debug|Any CPU
		{e0b26979-4753-3cfc-e5e1-abce624da00a}.Debug|Any CPU.ActiveCfg = Debug|Any CPU
		{e0b26979-4753-3cfc-e5e1-abce624da00a}.Debug|Any CPU.Build.0 = Debug|Any CPU
		{db2a010b-dd34-1abc-cc29-5149fd30d292}.Debug|Any CPU.ActiveCfg = Debug|Any CPU
		{db2a010b-dd34-1abc-cc29-5149fd30d292}.Debug|Any CPU.Build.0 = Debug|Any CPU
		{cd802591-3272-a9f1-90f2-ac78819457d0}.Debug|Any CPU.ActiveCfg = Debug|Any CPU
		{cd802591-3272-a9f1-90f2-ac78819457d0}.Debug|Any CPU.Build.0 = Debug|Any CPU
		{b7e76a56-4f83-67b5-c529-f1a35dbc60db}.Debug|Any CPU.ActiveCfg = Debug|Any CPU
		{b7e76a56-4f83-67b5-c529-f1a35dbc60db}.Debug|Any CPU.Build.0 = Debug|Any CPU
		{d93a9b25-2e7c-a0c7-6dc8-417ad7f7b4f7}.Debug|Any CPU.ActiveCfg = Debug|Any CPU
		{d93a9b25-2e7c-a0c7-6dc8-417ad7f7b4f7}.Debug|Any CPU.Build.0 = Debug|Any CPU
		{8ed2b3a3-4015-a276-cdc7-bd79cdec45c0}.Debug|Any CPU.ActiveCfg = Debug|Any CPU
		{8ed2b3a3-4015-a276-cdc7-bd79cdec45c0}.Debug|Any CPU.Build.0 = Debug|Any CPU
		{2c806676-84f0-f6ca-e59a-d6dca28d4c7a}.Debug|Any CPU.ActiveCfg = Debug|Any CPU
		{2c806676-84f0-f6ca-e59a-d6dca28d4c7a}.Debug|Any CPU.Build.0 = Debug|Any CPU
		{be5a308c-b4bb-e666-f4bc-a5f15aa167e4}.Debug|Any CPU.ActiveCfg = Debug|Any CPU
		{be5a308c-b4bb-e666-f4bc-a5f15aa167e4}.Debug|Any CPU.Build.0 = Debug|Any CPU
		{5a41b94d-1b46-9a24-b713-de554afcb425}.Debug|Any CPU.ActiveCfg = Debug|Any CPU
		{5a41b94d-1b46-9a24-b713-de554afcb425}.Debug|Any CPU.Build.0 = Debug|Any CPU
		{bd8d8c89-fa6e-745f-822e-a33cccb0718b}.Debug|Any CPU.ActiveCfg = Debug|Any CPU
		{bd8d8c89-fa6e-745f-822e-a33cccb0718b}.Debug|Any CPU.Build.0 = Debug|Any CPU
		{1db0c600-eac7-a7b9-5c8c-ffc3d08364f9}.Debug|Any CPU.ActiveCfg = Debug|Any CPU
		{1db0c600-eac7-a7b9-5c8c-ffc3d08364f9}.Debug|Any CPU.Build.0 = Debug|Any CPU
		{86ecf32f-fd6b-c893-057c-6c01de6bf66e}.Debug|Any CPU.ActiveCfg = Debug|Any CPU
		{86ecf32f-fd6b-c893-057c-6c01de6bf66e}.Debug|Any CPU.Build.0 = Debug|Any CPU
		{ed65ff76-1695-0fee-603f-810f77b53f85}.Debug|Any CPU.ActiveCfg = Debug|Any CPU
		{ed65ff76-1695-0fee-603f-810f77b53f85}.Debug|Any CPU.Build.0 = Debug|Any CPU
		{430549ac-e6e5-19de-5bf9-8cb4335bc262}.Debug|Any CPU.ActiveCfg = Debug|Any CPU
		{430549ac-e6e5-19de-5bf9-8cb4335bc262}.Debug|Any CPU.Build.0 = Debug|Any CPU
		{adc9baf3-04bf-13ff-39d7-a3de6d153db0}.Debug|Any CPU.ActiveCfg = Debug|Any CPU
		{adc9baf3-04bf-13ff-39d7-a3de6d153db0}.Debug|Any CPU.Build.0 = Debug|Any CPU
		{2cff049f-dc7c-6a74-a3e7-0f78fe7be1f8}.Debug|Any CPU.ActiveCfg = Debug|Any CPU
		{2cff049f-dc7c-6a74-a3e7-0f78fe7be1f8}.Debug|Any CPU.Build.0 = Debug|Any CPU
		{33dbe941-c210-4588-b445-75c6586ba973}.Debug|Any CPU.ActiveCfg = Debug|Any CPU
		{33dbe941-c210-4588-b445-75c6586ba973}.Debug|Any CPU.Build.0 = Debug|Any CPU
	EndGlobalSection
	GlobalSection(SolutionProperties) = preSolution
		HideSolutionNode = FALSE
	EndGlobalSection
EndGlobal
